
Microsoft Visual Studio Solution File, Format Version 12.00
# Visual Studio Version 17
VisualStudioVersion = 17.13.35931.197 d17.13
MinimumVisualStudioVersion = 10.0.40219.1
Project("{FAE04EC0-301F-11D3-BF4B-00C04F79EFBC}") = "MOF.demo", "MOF.demo\MOF.demo.csproj", "{2D806E2F-B10D-40A6-893B-C150708519B7}"
EndProject
Project("{FAE04EC0-301F-11D3-BF4B-00C04F79EFBC}") = "MOF.Domain", "MOF.Domain\MOF.Domain.csproj", "{4C1D2363-0494-48C6-B2E7-FE1414EFE205}"
EndProject
Project("{FAE04EC0-301F-11D3-BF4B-00C04F79EFBC}") = "MOF.Application", "MOF.Application\MOF.Application.csproj", "{C699476C-A43A-48F3-BDD5-4BBD9D4D934A}"
EndProject
Project("{FAE04EC0-301F-11D3-BF4B-00C04F79EFBC}") = "MOF.Infra", "MOF.Infra\MOF.Infra.csproj", "{093EC3B7-61F4-4B9E-8C1A-EEC7CE89DA86}"
EndProject
Global
	GlobalSection(SolutionConfigurationPlatforms) = preSolution
		Debug|Any CPU = Debug|Any CPU
		Release|Any CPU = Release|Any CPU
	EndGlobalSection
	GlobalSection(ProjectConfigurationPlatforms) = postSolution
		{2D806E2F-B10D-40A6-893B-C150708519B7}.Debug|Any CPU.ActiveCfg = Debug|Any CPU
		{2D806E2F-B10D-40A6-893B-C150708519B7}.Debug|Any CPU.Build.0 = Debug|Any CPU
		{2D806E2F-B10D-40A6-893B-C150708519B7}.Release|Any CPU.ActiveCfg = Release|Any CPU
		{2D806E2F-B10D-40A6-893B-C150708519B7}.Release|Any CPU.Build.0 = Release|Any CPU
		{4C1D2363-0494-48C6-B2E7-FE1414EFE205}.Debug|Any CPU.ActiveCfg = Debug|Any CPU
		{4C1D2363-0494-48C6-B2E7-FE1414EFE205}.Debug|Any CPU.Build.0 = Debug|Any CPU
		{4C1D2363-0494-48C6-B2E7-FE1414EFE205}.Release|Any CPU.ActiveCfg = Release|Any CPU
		{4C1D2363-0494-48C6-B2E7-FE1414EFE205}.Release|Any CPU.Build.0 = Release|Any CPU
		{C699476C-A43A-48F3-BDD5-4BBD9D4D934A}.Debug|Any CPU.ActiveCfg = Debug|Any CPU
		{C699476C-A43A-48F3-BDD5-4BBD9D4D934A}.Debug|Any CPU.Build.0 = Debug|Any CPU
		{C699476C-A43A-48F3-BDD5-4BBD9D4D934A}.Release|Any CPU.ActiveCfg = Release|Any CPU
		{C699476C-A43A-48F3-BDD5-4BBD9D4D934A}.Release|Any CPU.Build.0 = Release|Any CPU
		{093EC3B7-61F4-4B9E-8C1A-EEC7CE89DA86}.Debug|Any CPU.ActiveCfg = Debug|Any CPU
		{093EC3B7-61F4-4B9E-8C1A-EEC7CE89DA86}.Debug|Any CPU.Build.0 = Debug|Any CPU
		{093EC3B7-61F4-4B9E-8C1A-EEC7CE89DA86}.Release|Any CPU.ActiveCfg = Release|Any CPU
		{093EC3B7-61F4-4B9E-8C1A-EEC7CE89DA86}.Release|Any CPU.Build.0 = Release|Any CPU
	EndGlobalSection
	GlobalSection(SolutionProperties) = preSolution
		HideSolutionNode = FALSE
	EndGlobalSection
	GlobalSection(ExtensibilityGlobals) = postSolution
		SolutionGuid = {523B1C72-00CB-4093-9F64-3F80D4EEE520}
	EndGlobalSection
EndGlobal
